
Microsoft Visual Studio Solution File, Format Version 12.00
# Visual Studio Version 17
VisualStudioVersion = 17.1.32328.378
MinimumVisualStudioVersion = 10.0.40219.1
Project("{9A19103F-16F7-4668-BE54-9A1E7A4F7556}") = "CalculatorWithNunit", "Calculater\CalculatorWithNunit.csproj", "{16BBCCE5-2AA0-40F8-8820-E929C8F1BE2A}"
EndProject
Project("{9A19103F-16F7-4668-BE54-9A1E7A4F7556}") = "Calculator.Test", "Calculator.Test\Calculator.Test.csproj", "{9707D2DA-BF35-48EF-8BEC-F302CE7A667C}"
EndProject
Global
	GlobalSection(SolutionConfigurationPlatforms) = preSolution
		Debug|Any CPU = Debug|Any CPU
		Release|Any CPU = Release|Any CPU
	EndGlobalSection
	GlobalSection(ProjectConfigurationPlatforms) = postSolution
		{16BBCCE5-2AA0-40F8-8820-E929C8F1BE2A}.Debug|Any CPU.ActiveCfg = Debug|Any CPU
		{16BBCCE5-2AA0-40F8-8820-E929C8F1BE2A}.Debug|Any CPU.Build.0 = Debug|Any CPU
		{16BBCCE5-2AA0-40F8-8820-E929C8F1BE2A}.Release|Any CPU.ActiveCfg = Release|Any CPU
		{16BBCCE5-2AA0-40F8-8820-E929C8F1BE2A}.Release|Any CPU.Build.0 = Release|Any CPU
		{9707D2DA-BF35-48EF-8BEC-F302CE7A667C}.Debug|Any CPU.ActiveCfg = Debug|Any CPU
		{9707D2DA-BF35-48EF-8BEC-F302CE7A667C}.Debug|Any CPU.Build.0 = Debug|Any CPU
		{9707D2DA-BF35-48EF-8BEC-F302CE7A667C}.Release|Any CPU.ActiveCfg = Release|Any CPU
		{9707D2DA-BF35-48EF-8BEC-F302CE7A667C}.Release|Any CPU.Build.0 = Release|Any CPU
	EndGlobalSection
	GlobalSection(SolutionProperties) = preSolution
		HideSolutionNode = FALSE
	EndGlobalSection
	GlobalSection(ExtensibilityGlobals) = postSolution
		SolutionGuid = {65A8F259-F7C6-4A76-A561-A1A02D640894}
	EndGlobalSection
EndGlobal
